
Microsoft Visual Studio Solution File, Format Version 12.00
# Visual Studio Version 16
VisualStudioVersion = 16.0.33801.447
MinimumVisualStudioVersion = 10.0.40219.1
Project("{FAE04EC0-301F-11D3-BF4B-00C04F79EFBC}") = "MVCOnlineTicariOtomasyon", "MVCOnlineTicariOtomasyon\MVCOnlineTicariOtomasyon.csproj", "{D14BB92B-2E7B-45B3-AB77-500EC69ECDC3}"
EndProject
Global
	GlobalSection(SolutionConfigurationPlatforms) = preSolution
		Debug|Any CPU = Debug|Any CPU
		Release|Any CPU = Release|Any CPU
	EndGlobalSection
	GlobalSection(ProjectConfigurationPlatforms) = postSolution
		{D14BB92B-2E7B-45B3-AB77-500EC69ECDC3}.Debug|Any CPU.ActiveCfg = Debug|Any CPU
		{D14BB92B-2E7B-45B3-AB77-500EC69ECDC3}.Debug|Any CPU.Build.0 = Debug|Any CPU
		{D14BB92B-2E7B-45B3-AB77-500EC69ECDC3}.Release|Any CPU.ActiveCfg = Release|Any CPU
		{D14BB92B-2E7B-45B3-AB77-500EC69ECDC3}.Release|Any CPU.Build.0 = Release|Any CPU
	EndGlobalSection
	GlobalSection(SolutionProperties) = preSolution
		HideSolutionNode = FALSE
	EndGlobalSection
	GlobalSection(ExtensibilityGlobals) = postSolution
		SolutionGuid = {D42C02F2-8980-4CB1-BE24-9EBDBF022CDE}
	EndGlobalSection
EndGlobal
